{
  "version": 4,
  "terraform_version": "1.9.5",
  "serial": 38,
  "lineage": "94f121a7-05ba-407f-95ee-2a614ac49b85",
  "outputs": {},
  "resources": [
    {
      "mode": "managed",
      "type": "aws_lightsail_static_ip",
      "name": "static_ip",
      "provider": "provider[\"registry.terraform.io/hashicorp/aws\"]",
      "instances": [
        {
          "schema_version": 0,
          "attributes": {
            "arn": "arn:aws:lightsail:us-east-2:339713090844:StaticIp/a3f4c92c-490a-4526-a334-f0772f023ad0",
            "id": "wordpress-IP",
            "ip_address": "18.189.246.195",
            "name": "wordpress-IP",
            "support_code": "730335532864/18.189.246.195"
          },
          "sensitive_attributes": [],
          "private": "bnVsbA=="
        }
      ]
    }
  ],
  "check_results": null
}
