{
  "version": 4,
  "terraform_version": "1.9.5",
  "serial": 20,
  "lineage": "5d987fcf-5ac1-c44d-dac4-d90014001b32",
  "outputs": {},
  "resources": [
    {
      "mode": "managed",
      "type": "aws_lightsail_instance",
      "name": "wordpress_instance",
      "provider": "provider[\"registry.terraform.io/hashicorp/aws\"]",
      "instances": [
        {
          "schema_version": 0,
          "attributes": {
            "arn": "arn:aws:lightsail:us-east-1:339713090844:Instance/41828dc8-778c-45a7-bce5-ebe2dc0c8d54",
            "availability_zone": "us-east-1a",
            "blueprint_id": "wordpress",
            "bundle_id": "micro_3_0",
            "cpu_count": 2,
            "created_at": "2024-08-21T15:07:20Z",
            "id": "Wordpress-blog",
            "ipv6_address": "2600:1f18:5af1:6300:f55c:f014:e9d4:2105",
            "ipv6_addresses": [
              "2600:1f18:5af1:6300:f55c:f014:e9d4:2105"
            ],
            "is_static_ip": true,
            "key_pair_name": "LightsailDefaultKeyPair",
            "name": "Wordpress-blog",
            "private_ip_address": "172.26.9.113",
            "public_ip_address": "54.156.194.193",
            "ram_size": 1,
            "tags": {
              "Environment": "My Personal Blog"
            },
            "tags_all": {
              "Environment": "My Personal Blog"
            },
            "user_data": null,
            "username": "bitnami"
          },
          "sensitive_attributes": [],
          "private": "bnVsbA=="
        }
      ]
    },
    {
      "mode": "managed",
      "type": "aws_lightsail_static_ip",
      "name": "static_ip",
      "provider": "provider[\"registry.terraform.io/hashicorp/aws\"]",
      "instances": [
        {
          "schema_version": 0,
          "attributes": {
            "arn": "arn:aws:lightsail:us-east-1:339713090844:StaticIp/c9205594-213e-4744-9d53-0c024ae0e13f",
            "id": "Wordpress-IP",
            "ip_address": "54.156.194.193",
            "name": "Wordpress-IP",
            "support_code": "730335532864/54.156.194.193"
          },
          "sensitive_attributes": [],
          "private": "bnVsbA=="
        }
      ]
    }
  ],
  "check_results": null
}
